
Microsoft Visual Studio Solution File, Format Version 12.00
# Visual Studio Version 17
VisualStudioVersion = 17.0.31903.59
MinimumVisualStudioVersion = 10.0.40219.1
Project("{2150E333-8FDC-42A3-9474-1A3956D46DE8}") = "src", "src", "{C0EF4898-454C-49AD-800B-C1E9370CED74}"
EndProject
Project("{FAE04EC0-301F-11D3-BF4B-00C04F79EFBC}") = "XekaShop.Domain", "src\XekaShop.Domain\XekaShop.Domain.csproj", "{A7925D35-0DDE-4A01-8AFC-3846CD8F6C28}"
EndProject
Project("{FAE04EC0-301F-11D3-BF4B-00C04F79EFBC}") = "XekaShop.Application", "src\XekaShop.Application\XekaShop.Application.csproj", "{6C50B423-5217-4547-8C3A-B5BDA6A5F324}"
EndProject
Project("{FAE04EC0-301F-11D3-BF4B-00C04F79EFBC}") = "XekaShop.API", "src\XekaShop.API\XekaShop.API.csproj", "{5A237D8B-5C53-444D-89E5-8E19417C4EE0}"
EndProject
Global
	GlobalSection(SolutionConfigurationPlatforms) = preSolution
		Debug|Any CPU = Debug|Any CPU
		Release|Any CPU = Release|Any CPU
	EndGlobalSection
	GlobalSection(SolutionProperties) = preSolution
		HideSolutionNode = FALSE
	EndGlobalSection
	GlobalSection(ProjectConfigurationPlatforms) = postSolution
		{A7925D35-0DDE-4A01-8AFC-3846CD8F6C28}.Debug|Any CPU.ActiveCfg = Debug|Any CPU
		{A7925D35-0DDE-4A01-8AFC-3846CD8F6C28}.Debug|Any CPU.Build.0 = Debug|Any CPU
		{A7925D35-0DDE-4A01-8AFC-3846CD8F6C28}.Release|Any CPU.ActiveCfg = Release|Any CPU
		{A7925D35-0DDE-4A01-8AFC-3846CD8F6C28}.Release|Any CPU.Build.0 = Release|Any CPU
		{6C50B423-5217-4547-8C3A-B5BDA6A5F324}.Debug|Any CPU.ActiveCfg = Debug|Any CPU
		{6C50B423-5217-4547-8C3A-B5BDA6A5F324}.Debug|Any CPU.Build.0 = Debug|Any CPU
		{6C50B423-5217-4547-8C3A-B5BDA6A5F324}.Release|Any CPU.ActiveCfg = Release|Any CPU
		{6C50B423-5217-4547-8C3A-B5BDA6A5F324}.Release|Any CPU.Build.0 = Release|Any CPU
		{5A237D8B-5C53-444D-89E5-8E19417C4EE0}.Debug|Any CPU.ActiveCfg = Debug|Any CPU
		{5A237D8B-5C53-444D-89E5-8E19417C4EE0}.Debug|Any CPU.Build.0 = Debug|Any CPU
		{5A237D8B-5C53-444D-89E5-8E19417C4EE0}.Release|Any CPU.ActiveCfg = Release|Any CPU
		{5A237D8B-5C53-444D-89E5-8E19417C4EE0}.Release|Any CPU.Build.0 = Release|Any CPU
	EndGlobalSection
	GlobalSection(NestedProjects) = preSolution
		{A7925D35-0DDE-4A01-8AFC-3846CD8F6C28} = {C0EF4898-454C-49AD-800B-C1E9370CED74}
		{6C50B423-5217-4547-8C3A-B5BDA6A5F324} = {C0EF4898-454C-49AD-800B-C1E9370CED74}
		{5A237D8B-5C53-444D-89E5-8E19417C4EE0} = {C0EF4898-454C-49AD-800B-C1E9370CED74}
	EndGlobalSection
EndGlobal
